
Microsoft Visual Studio Solution File, Format Version 12.00
# Visual Studio Version 16
VisualStudioVersion = 16.0.29215.179
MinimumVisualStudioVersion = 10.0.40219.1
Project("{FAE04EC0-301F-11D3-BF4B-00C04F79EFBC}") = "MvcWebApplication1", "MvcWebApplication1\MvcWebApplication1.csproj", "{AFAE6493-7059-41EA-8E03-465EB58F8099}"
EndProject
Global
	GlobalSection(SolutionConfigurationPlatforms) = preSolution
		Debug|Any CPU = Debug|Any CPU
		Release|Any CPU = Release|Any CPU
	EndGlobalSection
	GlobalSection(ProjectConfigurationPlatforms) = postSolution
		{AFAE6493-7059-41EA-8E03-465EB58F8099}.Debug|Any CPU.ActiveCfg = Debug|Any CPU
		{AFAE6493-7059-41EA-8E03-465EB58F8099}.Debug|Any CPU.Build.0 = Debug|Any CPU
		{AFAE6493-7059-41EA-8E03-465EB58F8099}.Release|Any CPU.ActiveCfg = Release|Any CPU
		{AFAE6493-7059-41EA-8E03-465EB58F8099}.Release|Any CPU.Build.0 = Release|Any CPU
	EndGlobalSection
	GlobalSection(SolutionProperties) = preSolution
		HideSolutionNode = FALSE
	EndGlobalSection
	GlobalSection(ExtensibilityGlobals) = postSolution
		SolutionGuid = {B47947AD-E231-43F3-8FF6-E04F5F782F04}
	EndGlobalSection
EndGlobal
